// !$*UTF8*$!
{
	archiveVersion = 1;
	classes = {
	};
	objectVersion = 56;
	objects = {

/* Begin PBXBuildFile section */
		3C5F14172BA4923C00240567 /* ContentFeature.swift in Sources */ = {isa = PBXBuildFile; fileRef = 3C5F14162BA4923C00240567 /* ContentFeature.swift */; };
		3C5F141A2BA4927A00240567 /* ComposableArchitecture in Frameworks */ = {isa = PBXBuildFile; productRef = 3C5F14192BA4927A00240567 /* ComposableArchitecture */; };
		3C5F141C2BA492E900240567 /* SecondContentFeature.swift in Sources */ = {isa = PBXBuildFile; fileRef = 3C5F141B2BA492E900240567 /* SecondContentFeature.swift */; };
		3CE13A5E2BA491B700C59B03 /* TCADocumentationTestApp.swift in Sources */ = {isa = PBXBuildFile; fileRef = 3CE13A5D2BA491B700C59B03 /* TCADocumentationTestApp.swift */; };
		3CE13A602BA491B700C59B03 /* ContentView.swift in Sources */ = {isa = PBXBuildFile; fileRef = 3CE13A5F2BA491B700C59B03 /* ContentView.swift */; };
		3CE13A622BA491BA00C59B03 /* Assets.xcassets in Resources */ = {isa = PBXBuildFile; fileRef = 3CE13A612BA491BA00C59B03 /* Assets.xcassets */; };
		3CE13A652BA491BA00C59B03 /* Preview Assets.xcassets in Resources */ = {isa = PBXBuildFile; fileRef = 3CE13A642BA491BA00C59B03 /* Preview Assets.xcassets */; };
/* End PBXBuildFile section */

/* Begin PBXFileReference section */
		3C5F14162BA4923C00240567 /* ContentFeature.swift */ = {isa = PBXFileReference; lastKnownFileType = sourcecode.swift; path = ContentFeature.swift; sourceTree = "<group>"; };
		3C5F141B2BA492E900240567 /* SecondContentFeature.swift */ = {isa = PBXFileReference; lastKnownFileType = sourcecode.swift; path = SecondContentFeature.swift; sourceTree = "<group>"; };
		3CE13A5A2BA491B700C59B03 /* TCADocumentationTest.app */ = {isa = PBXFileReference; explicitFileType = wrapper.application; includeInIndex = 0; path = TCADocumentationTest.app; sourceTree = BUILT_PRODUCTS_DIR; };
		3CE13A5D2BA491B700C59B03 /* TCADocumentationTestApp.swift */ = {isa = PBXFileReference; lastKnownFileType = sourcecode.swift; path = TCADocumentationTestApp.swift; sourceTree = "<group>"; };
		3CE13A5F2BA491B700C59B03 /* ContentView.swift */ = {isa = PBXFileReference; lastKnownFileType = sourcecode.swift; path = ContentView.swift; sourceTree = "<group>"; };
		3CE13A612BA491BA00C59B03 /* Assets.xcassets */ = {isa = PBXFileReference; lastKnownFileType = folder.assetcatalog; path = Assets.xcassets; sourceTree = "<group>"; };
		3CE13A642BA491BA00C59B03 /* Preview Assets.xcassets */ = {isa = PBXFileReference; lastKnownFileType = folder.assetcatalog; path = "Preview Assets.xcassets"; sourceTree = "<group>"; };
/* End PBXFileReference section */

/* Begin PBXFrameworksBuildPhase section */
		3CE13A572BA491B700C59B03 /* Frameworks */ = {
			isa = PBXFrameworksBuildPhase;
			buildActionMask = 2147483647;
			files = (
				3C5F141A2BA4927A00240567 /* ComposableArchitecture in Frameworks */,
			);
			runOnlyForDeploymentPostprocessing = 0;
		};
/* End PBXFrameworksBuildPhase section */

/* Begin PBXGroup section */
		3CE13A512BA491B700C59B03 = {
			isa = PBXGroup;
			children = (
				3CE13A5C2BA491B700C59B03 /* TCADocumentationTest */,
				3CE13A5B2BA491B700C59B03 /* Products */,
			);
			sourceTree = "<group>";
		};
		3CE13A5B2BA491B700C59B03 /* Products */ = {
			isa = PBXGroup;
			children = (
				3CE13A5A2BA491B700C59B03 /* TCADocumentationTest.app */,
			);
			name = Products;
			sourceTree = "<group>";
		};
		3CE13A5C2BA491B700C59B03 /* TCADocumentationTest */ = {
			isa = PBXGroup;
			children = (
				3CE13A5D2BA491B700C59B03 /* TCADocumentationTestApp.swift */,
				3CE13A5F2BA491B700C59B03 /* ContentView.swift */,
				3C5F14162BA4923C00240567 /* ContentFeature.swift */,
				3C5F141B2BA492E900240567 /* SecondContentFeature.swift */,
				3CE13A612BA491BA00C59B03 /* Assets.xcassets */,
				3CE13A632BA491BA00C59B03 /* Preview Content */,
			);
			path = TCADocumentationTest;
			sourceTree = "<group>";
		};
		3CE13A632BA491BA00C59B03 /* Preview Content */ = {
			isa = PBXGroup;
			children = (
				3CE13A642BA491BA00C59B03 /* Preview Assets.xcassets */,
			);
			path = "Preview Content";
			sourceTree = "<group>";
		};
/* End PBXGroup section */

/* Begin PBXNativeTarget section */
		3CE13A592BA491B700C59B03 /* TCADocumentationTest */ = {
			isa = PBXNativeTarget;
			buildConfigurationList = 3CE13A682BA491BA00C59B03 /* Build configuration list for PBXNativeTarget "TCADocumentationTest" */;
			buildPhases = (
				3CE13A562BA491B700C59B03 /* Sources */,
				3CE13A572BA491B700C59B03 /* Frameworks */,
				3CE13A582BA491B700C59B03 /* Resources */,
			);
			buildRules = (
			);
			dependencies = (
			);
			name = TCADocumentationTest;
			packageProductDependencies = (
				3C5F14192BA4927A00240567 /* ComposableArchitecture */,
			);
			productName = TCADocumentationTest;
			productReference = 3CE13A5A2BA491B700C59B03 /* TCADocumentationTest.app */;
			productType = "com.apple.product-type.application";
		};
/* End PBXNativeTarget section */

/* Begin PBXProject section */
		3CE13A522BA491B700C59B03 /* Project object */ = {
			isa = PBXProject;
			attributes = {
				BuildIndependentTargetsInParallel = 1;
				LastSwiftUpdateCheck = 1530;
				LastUpgradeCheck = 1530;
				TargetAttributes = {
					3CE13A592BA491B700C59B03 = {
						CreatedOnToolsVersion = 15.3;
					};
				};
			};
			buildConfigurationList = 3CE13A552BA491B700C59B03 /* Build configuration list for PBXProject "TCADocumentationTest" */;
			compatibilityVersion = "Xcode 14.0";
			developmentRegion = en;
			hasScannedForEncodings = 0;
			knownRegions = (
				en,
				Base,
			);
			mainGroup = 3CE13A512BA491B700C59B03;
			packageReferences = (
				3C5F14182BA4927A00240567 /* XCRemoteSwiftPackageReference "swift-composable-architecture" */,
			);
			productRefGroup = 3CE13A5B2BA491B700C59B03 /* Products */;
			projectDirPath = "";
			projectRoot = "";
			targets = (
				3CE13A592BA491B700C59B03 /* TCADocumentationTest */,
			);
		};
/* End PBXProject section */

/* Begin PBXResourcesBuildPhase section */
		3CE13A582BA491B700C59B03 /* Resources */ = {
			isa = PBXResourcesBuildPhase;
			buildActionMask = 2147483647;
			files = (
				3CE13A652BA491BA00C59B03 /* Preview Assets.xcassets in Resources */,
				3CE13A622BA491BA00C59B03 /* Assets.xcassets in Resources */,
			);
			runOnlyForDeploymentPostprocessing = 0;
		};
/* End PBXResourcesBuildPhase section */

/* Begin PBXSourcesBuildPhase section */
		3CE13A562BA491B700C59B03 /* Sources */ = {
			isa = PBXSourcesBuildPhase;
			buildActionMask = 2147483647;
			files = (
				3C5F141C2BA492E900240567 /* SecondContentFeature.swift in Sources */,
				3CE13A602BA491B700C59B03 /* ContentView.swift in Sources */,
				3CE13A5E2BA491B700C59B03 /* TCADocumentationTestApp.swift in Sources */,
				3C5F14172BA4923C00240567 /* ContentFeature.swift in Sources */,
			);
			runOnlyForDeploymentPostprocessing = 0;
		};
/* End PBXSourcesBuildPhase section */

/* Begin XCBuildConfiguration section */
		3CE13A662BA491BA00C59B03 /* Debug */ = {
			isa = XCBuildConfiguration;
			buildSettings = {
				ALWAYS_SEARCH_USER_PATHS = NO;
				ASSETCATALOG_COMPILER_GENERATE_SWIFT_ASSET_SYMBOL_EXTENSIONS = YES;
				CLANG_ANALYZER_NONNULL = YES;
				CLANG_ANALYZER_NUMBER_OBJECT_CONVERSION = YES_AGGRESSIVE;
				CLANG_CXX_LANGUAGE_STANDARD = "gnu++20";
				CLANG_ENABLE_MODULES = YES;
				CLANG_ENABLE_OBJC_ARC = YES;
				CLANG_ENABLE_OBJC_WEAK = YES;
				CLANG_WARN_BLOCK_CAPTURE_AUTORELEASING = YES;
				CLANG_WARN_BOOL_CONVERSION = YES;
				CLANG_WARN_COMMA = YES;
				CLANG_WARN_CONSTANT_CONVERSION = YES;
				CLANG_WARN_DEPRECATED_OBJC_IMPLEMENTATIONS = YES;
				CLANG_WARN_DIRECT_OBJC_ISA_USAGE = YES_ERROR;
				CLANG_WARN_DOCUMENTATION_COMMENTS = YES;
				CLANG_WARN_EMPTY_BODY = YES;
				CLANG_WARN_ENUM_CONVERSION = YES;
				CLANG_WARN_INFINITE_RECURSION = YES;
				CLANG_WARN_INT_CONVERSION = YES;
				CLANG_WARN_NON_LITERAL_NULL_CONVERSION = YES;
				CLANG_WARN_OBJC_IMPLICIT_RETAIN_SELF = YES;
				CLANG_WARN_OBJC_LITERAL_CONVERSION = YES;
				CLANG_WARN_OBJC_ROOT_CLASS = YES_ERROR;
				CLANG_WARN_QUOTED_INCLUDE_IN_FRAMEWORK_HEADER = YES;
				CLANG_WARN_RANGE_LOOP_ANALYSIS = YES;
				CLANG_WARN_STRICT_PROTOTYPES = YES;
				CLANG_WARN_SUSPICIOUS_MOVE = YES;
				CLANG_WARN_UNGUARDED_AVAILABILITY = YES_AGGRESSIVE;
				CLANG_WARN_UNREACHABLE_CODE = YES;
				CLANG_WARN__DUPLICATE_METHOD_MATCH = YES;
				COPY_PHASE_STRIP = NO;
				DEBUG_INFORMATION_FORMAT = dwarf;
				ENABLE_STRICT_OBJC_MSGSEND = YES;
				ENABLE_TESTABILITY = YES;
				ENABLE_USER_SCRIPT_SANDBOXING = YES;
				GCC_C_LANGUAGE_STANDARD = gnu17;
				GCC_DYNAMIC_NO_PIC = NO;
				GCC_NO_COMMON_BLOCKS = YES;
				GCC_OPTIMIZATION_LEVEL = 0;
				GCC_PREPROCESSOR_DEFINITIONS = (
					"DEBUG=1",
					"$(inherited)",
				);
				GCC_WARN_64_TO_32_BIT_CONVERSION = YES;
				GCC_WARN_ABOUT_RETURN_TYPE = YES_ERROR;
				GCC_WARN_UNDECLARED_SELECTOR = YES;
				GCC_WARN_UNINITIALIZED_AUTOS = YES_AGGRESSIVE;
				GCC_WARN_UNUSED_FUNCTION = YES;
				GCC_WARN_UNUSED_VARIABLE = YES;
				IPHONEOS_DEPLOYMENT_TARGET = 17.4;
				LOCALIZATION_PREFERS_STRING_CATALOGS = YES;
				MTL_ENABLE_DEBUG_INFO = INCLUDE_SOURCE;
				MTL_FAST_MATH = YES;
				ONLY_ACTIVE_ARCH = YES;
				SDKROOT = iphoneos;
				SWIFT_ACTIVE_COMPILATION_CONDITIONS = "DEBUG $(inherited)";
				SWIFT_OPTIMIZATION_LEVEL = "-Onone";
			};
			name = Debug;
		};
		3CE13A672BA491BA00C59B03 /* Release */ = {
			isa = XCBuildConfiguration;
			buildSettings = {
				ALWAYS_SEARCH_USER_PATHS = NO;
				ASSETCATALOG_COMPILER_GENERATE_SWIFT_ASSET_SYMBOL_EXTENSIONS = YES;
				CLANG_ANALYZER_NONNULL = YES;
				CLANG_ANALYZER_NUMBER_OBJECT_CONVERSION = YES_AGGRESSIVE;
				CLANG_CXX_LANGUAGE_STANDARD = "gnu++20";
				CLANG_ENABLE_MODULES = YES;
				CLANG_ENABLE_OBJC_ARC = YES;
				CLANG_ENABLE_OBJC_WEAK = YES;
				CLANG_WARN_BLOCK_CAPTURE_AUTORELEASING = YES;
				CLANG_WARN_BOOL_CONVERSION = YES;
				CLANG_WARN_COMMA = YES;
				CLANG_WARN_CONSTANT_CONVERSION = YES;
				CLANG_WARN_DEPRECATED_OBJC_IMPLEMENTATIONS = YES;
				CLANG_WARN_DIRECT_OBJC_ISA_USAGE = YES_ERROR;
				CLANG_WARN_DOCUMENTATION_COMMENTS = YES;
				CLANG_WARN_EMPTY_BODY = YES;
				CLANG_WARN_ENUM_CONVERSION = YES;
				CLANG_WARN_INFINITE_RECURSION = YES;
				CLANG_WARN_INT_CONVERSION = YES;
				CLANG_WARN_NON_LITERAL_NULL_CONVERSION = YES;
				CLANG_WARN_OBJC_IMPLICIT_RETAIN_SELF = YES;
				CLANG_WARN_OBJC_LITERAL_CONVERSION = YES;
				CLANG_WARN_OBJC_ROOT_CLASS = YES_ERROR;
				CLANG_WARN_QUOTED_INCLUDE_IN_FRAMEWORK_HEADER = YES;
				CLANG_WARN_RANGE_LOOP_ANALYSIS = YES;
				CLANG_WARN_STRICT_PROTOTYPES = YES;
				CLANG_WARN_SUSPICIOUS_MOVE = YES;
				CLANG_WARN_UNGUARDED_AVAILABILITY = YES_AGGRESSIVE;
				CLANG_WARN_UNREACHABLE_CODE = YES;
				CLANG_WARN__DUPLICATE_METHOD_MATCH = YES;
				COPY_PHASE_STRIP = NO;
				DEBUG_INFORMATION_FORMAT = "dwarf-with-dsym";
				ENABLE_NS_ASSERTIONS = NO;
				ENABLE_STRICT_OBJC_MSGSEND = YES;
				ENABLE_USER_SCRIPT_SANDBOXING = YES;
				GCC_C_LANGUAGE_STANDARD = gnu17;
				GCC_NO_COMMON_BLOCKS = YES;
				GCC_WARN_64_TO_32_BIT_CONVERSION = YES;
				GCC_WARN_ABOUT_RETURN_TYPE = YES_ERROR;
				GCC_WARN_UNDECLARED_SELECTOR = YES;
				GCC_WARN_UNINITIALIZED_AUTOS = YES_AGGRESSIVE;
				GCC_WARN_UNUSED_FUNCTION = YES;
				GCC_WARN_UNUSED_VARIABLE = YES;
				IPHONEOS_DEPLOYMENT_TARGET = 17.4;
				LOCALIZATION_PREFERS_STRING_CATALOGS = YES;
				MTL_ENABLE_DEBUG_INFO = NO;
				MTL_FAST_MATH = YES;
				SDKROOT = iphoneos;
				SWIFT_COMPILATION_MODE = wholemodule;
				VALIDATE_PRODUCT = YES;
			};
			name = Release;
		};
		3CE13A692BA491BA00C59B03 /* Debug */ = {
			isa = XCBuildConfiguration;
			buildSettings = {
				ASSETCATALOG_COMPILER_APPICON_NAME = AppIcon;
				ASSETCATALOG_COMPILER_GLOBAL_ACCENT_COLOR_NAME = AccentColor;
				CODE_SIGN_STYLE = Automatic;
				CURRENT_PROJECT_VERSION = 1;
				DEVELOPMENT_ASSET_PATHS = "\"TCADocumentationTest/Preview Content\"";
				DEVELOPMENT_TEAM = W55J8676ZZ;
				ENABLE_PREVIEWS = YES;
				GENERATE_INFOPLIST_FILE = YES;
				INFOPLIST_KEY_UIApplicationSceneManifest_Generation = YES;
				INFOPLIST_KEY_UIApplicationSupportsIndirectInputEvents = YES;
				INFOPLIST_KEY_UILaunchScreen_Generation = YES;
				INFOPLIST_KEY_UISupportedInterfaceOrientations_iPad = "UIInterfaceOrientationPortrait UIInterfaceOrientationPortraitUpsideDown UIInterfaceOrientationLandscapeLeft UIInterfaceOrientationLandscapeRight";
				INFOPLIST_KEY_UISupportedInterfaceOrientations_iPhone = "UIInterfaceOrientationPortrait UIInterfaceOrientationLandscapeLeft UIInterfaceOrientationLandscapeRight";
				LD_RUNPATH_SEARCH_PATHS = (
					"$(inherited)",
					"@executable_path/Frameworks",
				);
				MARKETING_VERSION = 1.0;
				PRODUCT_BUNDLE_IDENTIFIER = com.xaver.lutz.TCADocumentationTest;
				PRODUCT_NAME = "$(TARGET_NAME)";
				SWIFT_EMIT_LOC_STRINGS = YES;
				SWIFT_VERSION = 5.0;
				TARGETED_DEVICE_FAMILY = "1,2";
			};
			name = Debug;
		};
		3CE13A6A2BA491BA00C59B03 /* Release */ = {
			isa = XCBuildConfiguration;
			buildSettings = {
				ASSETCATALOG_COMPILER_APPICON_NAME = AppIcon;
				ASSETCATALOG_COMPILER_GLOBAL_ACCENT_COLOR_NAME = AccentColor;
				CODE_SIGN_STYLE = Automatic;
				CURRENT_PROJECT_VERSION = 1;
				DEVELOPMENT_ASSET_PATHS = "\"TCADocumentationTest/Preview Content\"";
				DEVELOPMENT_TEAM = W55J8676ZZ;
				ENABLE_PREVIEWS = YES;
				GENERATE_INFOPLIST_FILE = YES;
				INFOPLIST_KEY_UIApplicationSceneManifest_Generation = YES;
				INFOPLIST_KEY_UIApplicationSupportsIndirectInputEvents = YES;
				INFOPLIST_KEY_UILaunchScreen_Generation = YES;
				INFOPLIST_KEY_UISupportedInterfaceOrientations_iPad = "UIInterfaceOrientationPortrait UIInterfaceOrientationPortraitUpsideDown UIInterfaceOrientationLandscapeLeft UIInterfaceOrientationLandscapeRight";
				INFOPLIST_KEY_UISupportedInterfaceOrientations_iPhone = "UIInterfaceOrientationPortrait UIInterfaceOrientationLandscapeLeft UIInterfaceOrientationLandscapeRight";
				LD_RUNPATH_SEARCH_PATHS = (
					"$(inherited)",
					"@executable_path/Frameworks",
				);
				MARKETING_VERSION = 1.0;
				PRODUCT_BUNDLE_IDENTIFIER = com.xaver.lutz.TCADocumentationTest;
				PRODUCT_NAME = "$(TARGET_NAME)";
				SWIFT_EMIT_LOC_STRINGS = YES;
				SWIFT_VERSION = 5.0;
				TARGETED_DEVICE_FAMILY = "1,2";
			};
			name = Release;
		};
/* End XCBuildConfiguration section */

/* Begin XCConfigurationList section */
		3CE13A552BA491B700C59B03 /* Build configuration list for PBXProject "TCADocumentationTest" */ = {
			isa = XCConfigurationList;
			buildConfigurations = (
				3CE13A662BA491BA00C59B03 /* Debug */,
				3CE13A672BA491BA00C59B03 /* Release */,
			);
			defaultConfigurationIsVisible = 0;
			defaultConfigurationName = Release;
		};
		3CE13A682BA491BA00C59B03 /* Build configuration list for PBXNativeTarget "TCADocumentationTest" */ = {
			isa = XCConfigurationList;
			buildConfigurations = (
				3CE13A692BA491BA00C59B03 /* Debug */,
				3CE13A6A2BA491BA00C59B03 /* Release */,
			);
			defaultConfigurationIsVisible = 0;
			defaultConfigurationName = Release;
		};
/* End XCConfigurationList section */

/* Begin XCRemoteSwiftPackageReference section */
		3C5F14182BA4927A00240567 /* XCRemoteSwiftPackageReference "swift-composable-architecture" */ = {
			isa = XCRemoteSwiftPackageReference;
			repositoryURL = "https://github.com/pointfreeco/swift-composable-architecture.git";
			requirement = {
				kind = upToNextMajorVersion;
				minimumVersion = 1.9.2;
			};
		};
/* End XCRemoteSwiftPackageReference section */

/* Begin XCSwiftPackageProductDependency section */
		3C5F14192BA4927A00240567 /* ComposableArchitecture */ = {
			isa = XCSwiftPackageProductDependency;
			package = 3C5F14182BA4927A00240567 /* XCRemoteSwiftPackageReference "swift-composable-architecture" */;
			productName = ComposableArchitecture;
		};
/* End XCSwiftPackageProductDependency section */
	};
	rootObject = 3CE13A522BA491B700C59B03 /* Project object */;
}
